{
  "lockfile_version": "1",
  "packages": {
    "github:NixOS/nixpkgs/nixpkgs-unstable": {
      "resolved": "github:NixOS/nixpkgs/74a40410369a1c35ee09b8a1abee6f4acbedc059?lastModified=1743938762&narHash=sha256-UgFYn8sGv9B8PoFpUfCa43CjMZBl1x%2FShQhRDHBFQdI%3D"
    },
    "pyright@latest": {
      "last_modified": "2026-05-26T09:13:58Z",
      "resolved": "github:NixOS/nixpkgs/f44f7788c891fbe5542177df78374f8cdab10e8f#pyright",
      "source": "devbox-search",
      "version": "1.1.410",
      "systems": {
        "aarch64-darwin": {
          "outputs": [
            {
              "name": "out",
              "path": "/nix/store/ln4cp3m8iyl7r6qj8qh0jaf3vm33v5hd-pyright-1.1.410",
              "default": true
            }
          ],
          "store_path": "/nix/store/ln4cp3m8iyl7r6qj8qh0jaf3vm33v5hd-pyright-1.1.410"
        },
        "aarch64-linux": {
          "outputs": [
            {
              "name": "out",
              "path": "/nix/store/pkqhq732k9xmsz1pknycww7lxln7jybk-pyright-1.1.410",
              "default": true
            }
          ],
          "store_path": "/nix/store/pkqhq732k9xmsz1pknycww7lxln7jybk-pyright-1.1.410"
        },
        "x86_64-darwin": {
          "outputs": [
            {
              "name": "out",
              "path": "/nix/store/sa691if6dnlvsac0dnlwsc44g9rd3rhp-pyright-1.1.410",
              "default": true
            }
          ],
          "store_path": "/nix/store/sa691if6dnlvsac0dnlwsc44g9rd3rhp-pyright-1.1.410"
        },
        "x86_64-linux": {
          "outputs": [
            {
              "name": "out",
              "path": "/nix/store/1bs97v1qsgd1vmjn0k9cl9qkxq04ngzp-pyright-1.1.410",
              "default": true
            }
          ],
          "store_path": "/nix/store/1bs97v1qsgd1vmjn0k9cl9qkxq04ngzp-pyright-1.1.410"
        }
      }
    },
    "ruff@latest": {
      "last_modified": "2026-05-24T03:33:00Z",
      "resolved": "github:NixOS/nixpkgs/d849bb215dcdf71bce3e686839ccdb4219e84b2f#ruff",
      "source": "devbox-search",
      "version": "0.15.14",
      "systems": {
        "aarch64-darwin": {
          "outputs": [
            {
              "name": "out",
              "path": "/nix/store/ik6bpb6vq7281fba7hnc4c6cwwl2kblj-ruff-0.15.14",
              "default": true
            }
          ],
          "store_path": "/nix/store/ik6bpb6vq7281fba7hnc4c6cwwl2kblj-ruff-0.15.14"
        },
        "aarch64-linux": {
          "outputs": [
            {
              "name": "out",
              "path": "/nix/store/hm23zva8zmsjz3fw49g7apf3p5dxjbig-ruff-0.15.14",
              "default": true
            }
          ],
          "store_path": "/nix/store/hm23zva8zmsjz3fw49g7apf3p5dxjbig-ruff-0.15.14"
        },
        "x86_64-darwin": {
          "outputs": [
            {
              "name": "out",
              "path": "/nix/store/y8kparns9471j8dj02v41maryncljqsr-ruff-0.15.14",
              "default": true
            }
          ],
          "store_path": "/nix/store/y8kparns9471j8dj02v41maryncljqsr-ruff-0.15.14"
        },
        "x86_64-linux": {
          "outputs": [
            {
              "name": "out",
              "path": "/nix/store/2pcrw79ms2fn11g7yv2mpcki9q93fh00-ruff-0.15.14",
              "default": true
            }
          ],
          "store_path": "/nix/store/2pcrw79ms2fn11g7yv2mpcki9q93fh00-ruff-0.15.14"
        }
      }
    },
    "yq-go@latest": {
      "last_modified": "2025-04-17T05:47:26Z",
      "resolved": "github:NixOS/nixpkgs/ebe4301cbd8f81c4f8d3244b3632338bbeb6d49c#yq-go",
      "source": "devbox-search",
      "version": "4.45.1",
      "systems": {
        "aarch64-darwin": {
          "outputs": [
            {
              "name": "out",
              "path": "/nix/store/1v5lc37s5sv2c8rvh5yv7l68wvq8500n-yq-go-4.45.1",
              "default": true
            }
          ],
          "store_path": "/nix/store/1v5lc37s5sv2c8rvh5yv7l68wvq8500n-yq-go-4.45.1"
        },
        "aarch64-linux": {
          "outputs": [
            {
              "name": "out",
              "path": "/nix/store/f88aipbirm2pd028mlavnlv02mm1al4i-yq-go-4.45.1",
              "default": true
            }
          ],
          "store_path": "/nix/store/f88aipbirm2pd028mlavnlv02mm1al4i-yq-go-4.45.1"
        },
        "x86_64-darwin": {
          "outputs": [
            {
              "name": "out",
              "path": "/nix/store/plg5xzngdbnwc49m9xsaa1rvi6rprx7i-yq-go-4.45.1",
              "default": true
            }
          ],
          "store_path": "/nix/store/plg5xzngdbnwc49m9xsaa1rvi6rprx7i-yq-go-4.45.1"
        },
        "x86_64-linux": {
          "outputs": [
            {
              "name": "out",
              "path": "/nix/store/jpkvdaxrv564vgyywz44inbqdjfym82b-yq-go-4.45.1",
              "default": true
            }
          ],
          "store_path": "/nix/store/jpkvdaxrv564vgyywz44inbqdjfym82b-yq-go-4.45.1"
        }
      }
    }
  }
}
